
Microsoft Visual Studio Solution File, Format Version 12.00
# Visual Studio Version 16
VisualStudioVersion = 16.0.32802.440
MinimumVisualStudioVersion = 10.0.40219.1
Project("{FAE04EC0-301F-11D3-BF4B-00C04F79EFBC}") = "HotelInnAPI", "HotelInnAPI\HotelInnAPI.csproj", "{E85F02A0-5821-48D0-8B56-EE85D82FFF85}"
EndProject
Project("{2150E333-8FDC-42A3-9474-1A3956D46DE8}") = "Core", "Core", "{88918B23-8FD1-4F52-AB92-AFCF81A63292}"
EndProject
Project("{2150E333-8FDC-42A3-9474-1A3956D46DE8}") = "Infrastructure", "Infrastructure", "{34748811-8FA3-405B-AE18-CE42E6677192}"
EndProject
Project("{FAE04EC0-301F-11D3-BF4B-00C04F79EFBC}") = "HotelInn.Contracts", "HotelInn.Contracts\HotelInn.Contracts.csproj", "{2EB124BD-F7CF-42BF-A7F1-6F38293C0E05}"
EndProject
Project("{FAE04EC0-301F-11D3-BF4B-00C04F79EFBC}") = "HotelInn.Domain", "HotelInn.Domain\HotelInn.Domain.csproj", "{5386D8E2-876E-4A91-85D0-8DC5F1B05379}"
EndProject
Project("{FAE04EC0-301F-11D3-BF4B-00C04F79EFBC}") = "HotelInn.Services", "HotelInn.Services\HotelInn.Services.csproj", "{D83B10BC-065D-4813-96EA-E85B0354DAF8}"
EndProject
Project("{FAE04EC0-301F-11D3-BF4B-00C04F79EFBC}") = "HotelInn.Services.Abstractions", "HotelInn.Services.Abstractions\HotelInn.Services.Abstractions.csproj", "{D6519545-385E-4C33-934A-83EB7534E863}"
EndProject
Project("{FAE04EC0-301F-11D3-BF4B-00C04F79EFBC}") = "HotelInn.Persistence", "HotelInn.Persistence\HotelInn.Persistence.csproj", "{8A18FC34-846A-4107-9321-CAB5417B2728}"
EndProject
Project("{FAE04EC0-301F-11D3-BF4B-00C04F79EFBC}") = "HotelInn.Presentation", "HotelInn.Presentation\HotelInn.Presentation.csproj", "{BD7DED9E-069C-499D-B776-41A7B64C3383}"
EndProject
Global
	GlobalSection(SolutionConfigurationPlatforms) = preSolution
		Debug|Any CPU = Debug|Any CPU
		Release|Any CPU = Release|Any CPU
	EndGlobalSection
	GlobalSection(ProjectConfigurationPlatforms) = postSolution
		{E85F02A0-5821-48D0-8B56-EE85D82FFF85}.Debug|Any CPU.ActiveCfg = Debug|Any CPU
		{E85F02A0-5821-48D0-8B56-EE85D82FFF85}.Debug|Any CPU.Build.0 = Debug|Any CPU
		{E85F02A0-5821-48D0-8B56-EE85D82FFF85}.Release|Any CPU.ActiveCfg = Release|Any CPU
		{E85F02A0-5821-48D0-8B56-EE85D82FFF85}.Release|Any CPU.Build.0 = Release|Any CPU
		{2EB124BD-F7CF-42BF-A7F1-6F38293C0E05}.Debug|Any CPU.ActiveCfg = Debug|Any CPU
		{2EB124BD-F7CF-42BF-A7F1-6F38293C0E05}.Debug|Any CPU.Build.0 = Debug|Any CPU
		{2EB124BD-F7CF-42BF-A7F1-6F38293C0E05}.Release|Any CPU.ActiveCfg = Release|Any CPU
		{2EB124BD-F7CF-42BF-A7F1-6F38293C0E05}.Release|Any CPU.Build.0 = Release|Any CPU
		{5386D8E2-876E-4A91-85D0-8DC5F1B05379}.Debug|Any CPU.ActiveCfg = Debug|Any CPU
		{5386D8E2-876E-4A91-85D0-8DC5F1B05379}.Debug|Any CPU.Build.0 = Debug|Any CPU
		{5386D8E2-876E-4A91-85D0-8DC5F1B05379}.Release|Any CPU.ActiveCfg = Release|Any CPU
		{5386D8E2-876E-4A91-85D0-8DC5F1B05379}.Release|Any CPU.Build.0 = Release|Any CPU
		{D83B10BC-065D-4813-96EA-E85B0354DAF8}.Debug|Any CPU.ActiveCfg = Debug|Any CPU
		{D83B10BC-065D-4813-96EA-E85B0354DAF8}.Debug|Any CPU.Build.0 = Debug|Any CPU
		{D83B10BC-065D-4813-96EA-E85B0354DAF8}.Release|Any CPU.ActiveCfg = Release|Any CPU
		{D83B10BC-065D-4813-96EA-E85B0354DAF8}.Release|Any CPU.Build.0 = Release|Any CPU
		{D6519545-385E-4C33-934A-83EB7534E863}.Debug|Any CPU.ActiveCfg = Debug|Any CPU
		{D6519545-385E-4C33-934A-83EB7534E863}.Debug|Any CPU.Build.0 = Debug|Any CPU
		{D6519545-385E-4C33-934A-83EB7534E863}.Release|Any CPU.ActiveCfg = Release|Any CPU
		{D6519545-385E-4C33-934A-83EB7534E863}.Release|Any CPU.Build.0 = Release|Any CPU
		{8A18FC34-846A-4107-9321-CAB5417B2728}.Debug|Any CPU.ActiveCfg = Debug|Any CPU
		{8A18FC34-846A-4107-9321-CAB5417B2728}.Debug|Any CPU.Build.0 = Debug|Any CPU
		{8A18FC34-846A-4107-9321-CAB5417B2728}.Release|Any CPU.ActiveCfg = Release|Any CPU
		{8A18FC34-846A-4107-9321-CAB5417B2728}.Release|Any CPU.Build.0 = Release|Any CPU
		{BD7DED9E-069C-499D-B776-41A7B64C3383}.Debug|Any CPU.ActiveCfg = Debug|Any CPU
		{BD7DED9E-069C-499D-B776-41A7B64C3383}.Debug|Any CPU.Build.0 = Debug|Any CPU
		{BD7DED9E-069C-499D-B776-41A7B64C3383}.Release|Any CPU.ActiveCfg = Release|Any CPU
		{BD7DED9E-069C-499D-B776-41A7B64C3383}.Release|Any CPU.Build.0 = Release|Any CPU
	EndGlobalSection
	GlobalSection(SolutionProperties) = preSolution
		HideSolutionNode = FALSE
	EndGlobalSection
	GlobalSection(NestedProjects) = preSolution
		{2EB124BD-F7CF-42BF-A7F1-6F38293C0E05} = {88918B23-8FD1-4F52-AB92-AFCF81A63292}
		{5386D8E2-876E-4A91-85D0-8DC5F1B05379} = {88918B23-8FD1-4F52-AB92-AFCF81A63292}
		{D83B10BC-065D-4813-96EA-E85B0354DAF8} = {88918B23-8FD1-4F52-AB92-AFCF81A63292}
		{D6519545-385E-4C33-934A-83EB7534E863} = {88918B23-8FD1-4F52-AB92-AFCF81A63292}
		{8A18FC34-846A-4107-9321-CAB5417B2728} = {34748811-8FA3-405B-AE18-CE42E6677192}
		{BD7DED9E-069C-499D-B776-41A7B64C3383} = {34748811-8FA3-405B-AE18-CE42E6677192}
	EndGlobalSection
	GlobalSection(ExtensibilityGlobals) = postSolution
		SolutionGuid = {3EAE4369-992F-4062-8984-6FD9E63356BC}
	EndGlobalSection
EndGlobal
